
Microsoft Visual Studio Solution File, Format Version 12.00
# Visual Studio Version 17
VisualStudioVersion = 17.12.35707.178
MinimumVisualStudioVersion = 10.0.40219.1
Project("{FAE04EC0-301F-11D3-BF4B-00C04F79EFBC}") = "ResponderApp", "ResponderApp\ResponderApp.csproj", "{143453E9-DFA1-4744-AEF3-94464BB49B42}"
EndProject
Project("{2150E333-8FDC-42A3-9474-1A3956D46DE8}") = "Solution Items", "Solution Items", "{8EC462FD-D22E-90A8-E5CE-7E832BA40C5D}"
	ProjectSection(SolutionItems) = preProject
		RespomderApp.csproj = RespomderApp.csproj
		ResponderApp.csproj.user = ResponderApp.csproj.user
	EndProjectSection
EndProject
Global
	GlobalSection(SolutionConfigurationPlatforms) = preSolution
		Debug|Any CPU = Debug|Any CPU
		Release|Any CPU = Release|Any CPU
	EndGlobalSection
	GlobalSection(ProjectConfigurationPlatforms) = postSolution
		{143453E9-DFA1-4744-AEF3-94464BB49B42}.Debug|Any CPU.ActiveCfg = Debug|Any CPU
		{143453E9-DFA1-4744-AEF3-94464BB49B42}.Debug|Any CPU.Build.0 = Debug|Any CPU
		{143453E9-DFA1-4744-AEF3-94464BB49B42}.Debug|Any CPU.Deploy.0 = Debug|Any CPU
		{143453E9-DFA1-4744-AEF3-94464BB49B42}.Release|Any CPU.ActiveCfg = Release|Any CPU
		{143453E9-DFA1-4744-AEF3-94464BB49B42}.Release|Any CPU.Build.0 = Release|Any CPU
	EndGlobalSection
	GlobalSection(SolutionProperties) = preSolution
		HideSolutionNode = FALSE
	EndGlobalSection
	GlobalSection(ExtensibilityGlobals) = postSolution
		SolutionGuid = {60093245-1E3F-42F3-9A9E-80626E782845}
	EndGlobalSection
EndGlobal
